
Microsoft Visual Studio Solution File, Format Version 12.00
# Visual Studio 15
VisualStudioVersion = 15.0.26730.16
MinimumVisualStudioVersion = 10.0.40219.1
Project("{FAE04EC0-301F-11D3-BF4B-00C04F79EFBC}") = "eShop.Test", "eShop.Test\eShop.Test.csproj", "{58D87AE3-367D-4C54-9C95-090AF681B5E9}"
EndProject
Project("{FAE04EC0-301F-11D3-BF4B-00C04F79EFBC}") = "eShop.Web", "eShop.Web\eShop.Web.csproj", "{B7F951B0-F56E-4242-B08C-45EED0FCBB9E}"
EndProject
Global
	GlobalSection(SolutionConfigurationPlatforms) = preSolution
		Debug|Any CPU = Debug|Any CPU
		Release|Any CPU = Release|Any CPU
	EndGlobalSection
	GlobalSection(ProjectConfigurationPlatforms) = postSolution
		{58D87AE3-367D-4C54-9C95-090AF681B5E9}.Debug|Any CPU.ActiveCfg = Debug|Any CPU
		{58D87AE3-367D-4C54-9C95-090AF681B5E9}.Debug|Any CPU.Build.0 = Debug|Any CPU
		{58D87AE3-367D-4C54-9C95-090AF681B5E9}.Release|Any CPU.ActiveCfg = Release|Any CPU
		{58D87AE3-367D-4C54-9C95-090AF681B5E9}.Release|Any CPU.Build.0 = Release|Any CPU
		{B7F951B0-F56E-4242-B08C-45EED0FCBB9E}.Debug|Any CPU.ActiveCfg = Debug|Any CPU
		{B7F951B0-F56E-4242-B08C-45EED0FCBB9E}.Debug|Any CPU.Build.0 = Debug|Any CPU
		{B7F951B0-F56E-4242-B08C-45EED0FCBB9E}.Release|Any CPU.ActiveCfg = Release|Any CPU
		{B7F951B0-F56E-4242-B08C-45EED0FCBB9E}.Release|Any CPU.Build.0 = Release|Any CPU
	EndGlobalSection
	GlobalSection(SolutionProperties) = preSolution
		HideSolutionNode = FALSE
	EndGlobalSection
	GlobalSection(ExtensibilityGlobals) = postSolution
		SolutionGuid = {FFCE9204-35BC-4C44-B0D3-2005D0793F52}
	EndGlobalSection
EndGlobal
